
Microsoft Visual Studio Solution File, Format Version 12.00
# Visual Studio Version 17
VisualStudioVersion = 17.9.34622.214
MinimumVisualStudioVersion = 10.0.40219.1
Project("{FAE04EC0-301F-11D3-BF4B-00C04F79EFBC}") = "Singleton", "Singleton.csproj", "{4C29D112-C917-4358-B4B6-812540252C6E}"
EndProject
Global
	GlobalSection(SolutionConfigurationPlatforms) = preSolution
		Debug|Any CPU = Debug|Any CPU
		Release|Any CPU = Release|Any CPU
	EndGlobalSection
	GlobalSection(ProjectConfigurationPlatforms) = postSolution
		{4C29D112-C917-4358-B4B6-812540252C6E}.Debug|Any CPU.ActiveCfg = Debug|Any CPU
		{4C29D112-C917-4358-B4B6-812540252C6E}.Debug|Any CPU.Build.0 = Debug|Any CPU
		{4C29D112-C917-4358-B4B6-812540252C6E}.Release|Any CPU.ActiveCfg = Release|Any CPU
		{4C29D112-C917-4358-B4B6-812540252C6E}.Release|Any CPU.Build.0 = Release|Any CPU
	EndGlobalSection
	GlobalSection(SolutionProperties) = preSolution
		HideSolutionNode = FALSE
	EndGlobalSection
	GlobalSection(ExtensibilityGlobals) = postSolution
		SolutionGuid = {9C57963E-3F79-4C4F-A2E5-EEB88511E4AB}
	EndGlobalSection
EndGlobal
